
Microsoft Visual Studio Solution File, Format Version 10.00
# Visual Studio 2008
Project("{FAE04EC0-301F-11D3-BF4B-00C04F79EFBC}") = "Angel.DNN.CareCenter", "Angel.DNN.CareCenter.csproj", "{0655C8B4-3187-4958-9EDE-C707D34DB125}"
EndProject
Global
	GlobalSection(SolutionConfigurationPlatforms) = preSolution
		Debug|Any CPU = Debug|Any CPU
		Release|Any CPU = Release|Any CPU
	EndGlobalSection
	GlobalSection(ProjectConfigurationPlatforms) = postSolution
		{0655C8B4-3187-4958-9EDE-C707D34DB125}.Debug|Any CPU.ActiveCfg = Debug|Any CPU
		{0655C8B4-3187-4958-9EDE-C707D34DB125}.Debug|Any CPU.Build.0 = Debug|Any CPU
		{0655C8B4-3187-4958-9EDE-C707D34DB125}.Release|Any CPU.ActiveCfg = Release|Any CPU
		{0655C8B4-3187-4958-9EDE-C707D34DB125}.Release|Any CPU.Build.0 = Release|Any CPU
	EndGlobalSection
	GlobalSection(SolutionProperties) = preSolution
		HideSolutionNode = FALSE
	EndGlobalSection
EndGlobal
